
Microsoft Visual Studio Solution File, Format Version 12.00
# Visual Studio Version 17
VisualStudioVersion = 17.6.33829.357
MinimumVisualStudioVersion = 10.0.40219.1
Project("{FAE04EC0-301F-11D3-BF4B-00C04F79EFBC}") = "WebShopApp", "WebShop\WebShopApp.csproj", "{708A28C9-2892-440A-84AE-E224D16D47AD}"
EndProject
Project("{FAE04EC0-301F-11D3-BF4B-00C04F79EFBC}") = "WebShopApp.Infrastructure", "WebShopApp.Infrastructure\WebShopApp.Infrastructure.csproj", "{C407A452-9511-4AC6-B871-D9849172B321}"
EndProject
Global
	GlobalSection(SolutionConfigurationPlatforms) = preSolution
		Debug|Any CPU = Debug|Any CPU
		Release|Any CPU = Release|Any CPU
	EndGlobalSection
	GlobalSection(ProjectConfigurationPlatforms) = postSolution
		{708A28C9-2892-440A-84AE-E224D16D47AD}.Debug|Any CPU.ActiveCfg = Debug|Any CPU
		{708A28C9-2892-440A-84AE-E224D16D47AD}.Debug|Any CPU.Build.0 = Debug|Any CPU
		{708A28C9-2892-440A-84AE-E224D16D47AD}.Release|Any CPU.ActiveCfg = Release|Any CPU
		{708A28C9-2892-440A-84AE-E224D16D47AD}.Release|Any CPU.Build.0 = Release|Any CPU
		{C407A452-9511-4AC6-B871-D9849172B321}.Debug|Any CPU.ActiveCfg = Debug|Any CPU
		{C407A452-9511-4AC6-B871-D9849172B321}.Debug|Any CPU.Build.0 = Debug|Any CPU
		{C407A452-9511-4AC6-B871-D9849172B321}.Release|Any CPU.ActiveCfg = Release|Any CPU
		{C407A452-9511-4AC6-B871-D9849172B321}.Release|Any CPU.Build.0 = Release|Any CPU
	EndGlobalSection
	GlobalSection(SolutionProperties) = preSolution
		HideSolutionNode = FALSE
	EndGlobalSection
	GlobalSection(ExtensibilityGlobals) = postSolution
		SolutionGuid = {FC996172-C63C-469D-900C-5CF9669DAF9F}
	EndGlobalSection
EndGlobal
