
Microsoft Visual Studio Solution File, Format Version 12.00
Project("{FAE04EC0-301F-11D3-BF4B-00C04F79EFBC}") = "BankAccountTask", "BankAccountTask\BankAccountTask.csproj", "{BFB2C378-1C0F-4454-940A-C0C1F1309496}"
EndProject
Project("{FAE04EC0-301F-11D3-BF4B-00C04F79EFBC}") = "BankingSystems.Tests", "BankingSystems.Tests\BankingSystems.Tests.csproj", "{A877797B-0E2B-43D8-989B-1EC0BBA792D6}"
EndProject
Global
	GlobalSection(SolutionConfigurationPlatforms) = preSolution
		Debug|Any CPU = Debug|Any CPU
		Release|Any CPU = Release|Any CPU
	EndGlobalSection
	GlobalSection(ProjectConfigurationPlatforms) = postSolution
		{BFB2C378-1C0F-4454-940A-C0C1F1309496}.Debug|Any CPU.ActiveCfg = Debug|Any CPU
		{BFB2C378-1C0F-4454-940A-C0C1F1309496}.Debug|Any CPU.Build.0 = Debug|Any CPU
		{BFB2C378-1C0F-4454-940A-C0C1F1309496}.Release|Any CPU.ActiveCfg = Release|Any CPU
		{BFB2C378-1C0F-4454-940A-C0C1F1309496}.Release|Any CPU.Build.0 = Release|Any CPU
		{A877797B-0E2B-43D8-989B-1EC0BBA792D6}.Debug|Any CPU.ActiveCfg = Debug|Any CPU
		{A877797B-0E2B-43D8-989B-1EC0BBA792D6}.Debug|Any CPU.Build.0 = Debug|Any CPU
		{A877797B-0E2B-43D8-989B-1EC0BBA792D6}.Release|Any CPU.ActiveCfg = Release|Any CPU
		{A877797B-0E2B-43D8-989B-1EC0BBA792D6}.Release|Any CPU.Build.0 = Release|Any CPU
	EndGlobalSection
EndGlobal
