
Microsoft Visual Studio Solution File, Format Version 12.00
# Visual Studio Version 17
VisualStudioVersion = 17.6.33829.357
MinimumVisualStudioVersion = 10.0.40219.1
Project("{FAE04EC0-301F-11D3-BF4B-00C04F79EFBC}") = "CarsWebApp", "CarsWebApp\CarsWebApp.csproj", "{D8E6D182-8BF3-4467-A877-AFC60535ED89}"
EndProject
Project("{FAE04EC0-301F-11D3-BF4B-00C04F79EFBC}") = "CarsWebApp.Infrastructure", "CarsWebApp.Infrastructure\CarsWebApp.Infrastructure.csproj", "{81106AC7-0278-4EE5-9875-FF4B1C884589}"
EndProject
Project("{FAE04EC0-301F-11D3-BF4B-00C04F79EFBC}") = "CarsWebApp.Core", "CarsWebApp.Core\CarsWebApp.Core.csproj", "{6C7300B1-F4D4-451A-A070-B3D20573DBB9}"
EndProject
Global
	GlobalSection(SolutionConfigurationPlatforms) = preSolution
		Debug|Any CPU = Debug|Any CPU
		Release|Any CPU = Release|Any CPU
	EndGlobalSection
	GlobalSection(ProjectConfigurationPlatforms) = postSolution
		{D8E6D182-8BF3-4467-A877-AFC60535ED89}.Debug|Any CPU.ActiveCfg = Debug|Any CPU
		{D8E6D182-8BF3-4467-A877-AFC60535ED89}.Debug|Any CPU.Build.0 = Debug|Any CPU
		{D8E6D182-8BF3-4467-A877-AFC60535ED89}.Release|Any CPU.ActiveCfg = Release|Any CPU
		{D8E6D182-8BF3-4467-A877-AFC60535ED89}.Release|Any CPU.Build.0 = Release|Any CPU
		{81106AC7-0278-4EE5-9875-FF4B1C884589}.Debug|Any CPU.ActiveCfg = Debug|Any CPU
		{81106AC7-0278-4EE5-9875-FF4B1C884589}.Debug|Any CPU.Build.0 = Debug|Any CPU
		{81106AC7-0278-4EE5-9875-FF4B1C884589}.Release|Any CPU.ActiveCfg = Release|Any CPU
		{81106AC7-0278-4EE5-9875-FF4B1C884589}.Release|Any CPU.Build.0 = Release|Any CPU
		{6C7300B1-F4D4-451A-A070-B3D20573DBB9}.Debug|Any CPU.ActiveCfg = Debug|Any CPU
		{6C7300B1-F4D4-451A-A070-B3D20573DBB9}.Debug|Any CPU.Build.0 = Debug|Any CPU
		{6C7300B1-F4D4-451A-A070-B3D20573DBB9}.Release|Any CPU.ActiveCfg = Release|Any CPU
		{6C7300B1-F4D4-451A-A070-B3D20573DBB9}.Release|Any CPU.Build.0 = Release|Any CPU
	EndGlobalSection
	GlobalSection(SolutionProperties) = preSolution
		HideSolutionNode = FALSE
	EndGlobalSection
	GlobalSection(ExtensibilityGlobals) = postSolution
		SolutionGuid = {079E5F78-FFAC-4730-BFC8-6ED0800CE47C}
	EndGlobalSection
EndGlobal
