
Microsoft Visual Studio Solution File, Format Version 12.00
Project("{FAE04EC0-301F-11D3-BF4B-00C04F79EFBC}") = "SQLInjection", "SQLInjection\SQLInjection.csproj", "{6FA9188E-99A6-4D0F-BFB9-E4D48C5FAE77}"
EndProject
Project("{FAE04EC0-301F-11D3-BF4B-00C04F79EFBC}") = "NonSQLInjection", "NonSQLInjection\NonSQLInjection.csproj", "{0C79C6AA-84E6-440C-8203-D316050695AB}"
EndProject
Global
	GlobalSection(SolutionConfigurationPlatforms) = preSolution
		Debug|Any CPU = Debug|Any CPU
		Release|Any CPU = Release|Any CPU
	EndGlobalSection
	GlobalSection(ProjectConfigurationPlatforms) = postSolution
		{6FA9188E-99A6-4D0F-BFB9-E4D48C5FAE77}.Debug|Any CPU.ActiveCfg = Debug|Any CPU
		{6FA9188E-99A6-4D0F-BFB9-E4D48C5FAE77}.Debug|Any CPU.Build.0 = Debug|Any CPU
		{6FA9188E-99A6-4D0F-BFB9-E4D48C5FAE77}.Release|Any CPU.ActiveCfg = Release|Any CPU
		{6FA9188E-99A6-4D0F-BFB9-E4D48C5FAE77}.Release|Any CPU.Build.0 = Release|Any CPU
		{0C79C6AA-84E6-440C-8203-D316050695AB}.Debug|Any CPU.ActiveCfg = Debug|Any CPU
		{0C79C6AA-84E6-440C-8203-D316050695AB}.Debug|Any CPU.Build.0 = Debug|Any CPU
		{0C79C6AA-84E6-440C-8203-D316050695AB}.Release|Any CPU.ActiveCfg = Release|Any CPU
		{0C79C6AA-84E6-440C-8203-D316050695AB}.Release|Any CPU.Build.0 = Release|Any CPU
	EndGlobalSection
EndGlobal
