
Microsoft Visual Studio Solution File, Format Version 12.00
# Visual Studio Version 16
VisualStudioVersion = 16.0.32602.291
MinimumVisualStudioVersion = 10.0.40219.1
Project("{FAE04EC0-301F-11D3-BF4B-00C04F79EFBC}") = "ConsoleMVC", "ConsoleMVC\ConsoleMVC.csproj", "{46333F9B-0138-4216-A75F-C4D6FF042D4C}"
EndProject
Project("{FAE04EC0-301F-11D3-BF4B-00C04F79EFBC}") = "Transport", "Transport\Transport.csproj", "{396357EA-EA25-42CA-931C-B03D4B0C5132}"
EndProject
Project("{FAE04EC0-301F-11D3-BF4B-00C04F79EFBC}") = "Vegetables", "Vegetables\Vegetables.csproj", "{C7ED0751-0069-4BAE-A7CD-F98EB97DABFC}"
EndProject
Global
	GlobalSection(SolutionConfigurationPlatforms) = preSolution
		Debug|Any CPU = Debug|Any CPU
		Release|Any CPU = Release|Any CPU
	EndGlobalSection
	GlobalSection(ProjectConfigurationPlatforms) = postSolution
		{46333F9B-0138-4216-A75F-C4D6FF042D4C}.Debug|Any CPU.ActiveCfg = Debug|Any CPU
		{46333F9B-0138-4216-A75F-C4D6FF042D4C}.Debug|Any CPU.Build.0 = Debug|Any CPU
		{46333F9B-0138-4216-A75F-C4D6FF042D4C}.Release|Any CPU.ActiveCfg = Release|Any CPU
		{46333F9B-0138-4216-A75F-C4D6FF042D4C}.Release|Any CPU.Build.0 = Release|Any CPU
		{396357EA-EA25-42CA-931C-B03D4B0C5132}.Debug|Any CPU.ActiveCfg = Debug|Any CPU
		{396357EA-EA25-42CA-931C-B03D4B0C5132}.Debug|Any CPU.Build.0 = Debug|Any CPU
		{396357EA-EA25-42CA-931C-B03D4B0C5132}.Release|Any CPU.ActiveCfg = Release|Any CPU
		{396357EA-EA25-42CA-931C-B03D4B0C5132}.Release|Any CPU.Build.0 = Release|Any CPU
		{C7ED0751-0069-4BAE-A7CD-F98EB97DABFC}.Debug|Any CPU.ActiveCfg = Debug|Any CPU
		{C7ED0751-0069-4BAE-A7CD-F98EB97DABFC}.Debug|Any CPU.Build.0 = Debug|Any CPU
		{C7ED0751-0069-4BAE-A7CD-F98EB97DABFC}.Release|Any CPU.ActiveCfg = Release|Any CPU
		{C7ED0751-0069-4BAE-A7CD-F98EB97DABFC}.Release|Any CPU.Build.0 = Release|Any CPU
	EndGlobalSection
	GlobalSection(SolutionProperties) = preSolution
		HideSolutionNode = FALSE
	EndGlobalSection
	GlobalSection(ExtensibilityGlobals) = postSolution
		SolutionGuid = {8C930833-47BE-460B-A4D2-99B582A0B973}
	EndGlobalSection
EndGlobal
