
Microsoft Visual Studio Solution File, Format Version 12.00
Project("{FAE04EC0-301F-11D3-BF4B-00C04F79EFBC}") = "TeisterMask", "TeisterMask\TeisterMask.csproj", "{5954870D-6138-4AF1-B689-FE7F1442A435}"
EndProject
Global
	GlobalSection(SolutionConfigurationPlatforms) = preSolution
		Debug|Any CPU = Debug|Any CPU
		Release|Any CPU = Release|Any CPU
	EndGlobalSection
	GlobalSection(ProjectConfigurationPlatforms) = postSolution
		{5954870D-6138-4AF1-B689-FE7F1442A435}.Debug|Any CPU.ActiveCfg = Debug|Any CPU
		{5954870D-6138-4AF1-B689-FE7F1442A435}.Debug|Any CPU.Build.0 = Debug|Any CPU
		{5954870D-6138-4AF1-B689-FE7F1442A435}.Release|Any CPU.ActiveCfg = Release|Any CPU
		{5954870D-6138-4AF1-B689-FE7F1442A435}.Release|Any CPU.Build.0 = Release|Any CPU
	EndGlobalSection
EndGlobal
